
Microsoft Visual Studio Solution File, Format Version 12.00
# Visual Studio Version 17
VisualStudioVersion = 17.2.32616.157
MinimumVisualStudioVersion = 10.0.40219.1
Project("{9A19103F-16F7-4668-BE54-9A1E7A4F7556}") = "socket-client", "..\socket-client\socket-client.csproj", "{7CC5760B-2ACB-4547-8E87-CB668EEF6F78}"
EndProject
Project("{9A19103F-16F7-4668-BE54-9A1E7A4F7556}") = "socket-sample", "..\socket-sample\socket-sample.csproj", "{5F6AC01A-1C9C-4283-B8FE-D59BEA622730}"
EndProject
Global
	GlobalSection(SolutionConfigurationPlatforms) = preSolution
		Debug|Any CPU = Debug|Any CPU
		Release|Any CPU = Release|Any CPU
	EndGlobalSection
	GlobalSection(ProjectConfigurationPlatforms) = postSolution
		{7CC5760B-2ACB-4547-8E87-CB668EEF6F78}.Debug|Any CPU.ActiveCfg = Debug|Any CPU
		{7CC5760B-2ACB-4547-8E87-CB668EEF6F78}.Debug|Any CPU.Build.0 = Debug|Any CPU
		{7CC5760B-2ACB-4547-8E87-CB668EEF6F78}.Release|Any CPU.ActiveCfg = Release|Any CPU
		{7CC5760B-2ACB-4547-8E87-CB668EEF6F78}.Release|Any CPU.Build.0 = Release|Any CPU
		{5F6AC01A-1C9C-4283-B8FE-D59BEA622730}.Debug|Any CPU.ActiveCfg = Debug|Any CPU
		{5F6AC01A-1C9C-4283-B8FE-D59BEA622730}.Debug|Any CPU.Build.0 = Debug|Any CPU
		{5F6AC01A-1C9C-4283-B8FE-D59BEA622730}.Release|Any CPU.ActiveCfg = Release|Any CPU
		{5F6AC01A-1C9C-4283-B8FE-D59BEA622730}.Release|Any CPU.Build.0 = Release|Any CPU
	EndGlobalSection
	GlobalSection(SolutionProperties) = preSolution
		HideSolutionNode = FALSE
	EndGlobalSection
	GlobalSection(ExtensibilityGlobals) = postSolution
		SolutionGuid = {8C39174D-E1AE-452F-BF07-47D0FF1645D7}
	EndGlobalSection
EndGlobal
